
Microsoft Visual Studio Solution File, Format Version 11.00
# Visual Studio 2010
Project("{8BC9CEB8-8B4A-11D0-8D11-00A0C91BC942}") = "3DScanner", "3DScanner\3DScanner.vcxproj", "{3101EF36-72DD-47F9-80FD-6709C4BABE3E}"
EndProject
Global
	GlobalSection(SolutionConfigurationPlatforms) = preSolution
		Debug Unicode|Win32 = Debug Unicode|Win32
		Debug|Win32 = Debug|Win32
		Release Unicode|Win32 = Release Unicode|Win32
		Release|Win32 = Release|Win32
		Template|Win32 = Template|Win32
	EndGlobalSection
	GlobalSection(ProjectConfigurationPlatforms) = postSolution
		{3101EF36-72DD-47F9-80FD-6709C4BABE3E}.Debug Unicode|Win32.ActiveCfg = Debug|Win32
		{3101EF36-72DD-47F9-80FD-6709C4BABE3E}.Debug Unicode|Win32.Build.0 = Debug|Win32
		{3101EF36-72DD-47F9-80FD-6709C4BABE3E}.Debug|Win32.ActiveCfg = Debug|Win32
		{3101EF36-72DD-47F9-80FD-6709C4BABE3E}.Debug|Win32.Build.0 = Debug|Win32
		{3101EF36-72DD-47F9-80FD-6709C4BABE3E}.Release Unicode|Win32.ActiveCfg = Release|Win32
		{3101EF36-72DD-47F9-80FD-6709C4BABE3E}.Release Unicode|Win32.Build.0 = Release|Win32
		{3101EF36-72DD-47F9-80FD-6709C4BABE3E}.Release|Win32.ActiveCfg = Release|Win32
		{3101EF36-72DD-47F9-80FD-6709C4BABE3E}.Release|Win32.Build.0 = Release|Win32
		{3101EF36-72DD-47F9-80FD-6709C4BABE3E}.Template|Win32.ActiveCfg = Release|Win32
		{3101EF36-72DD-47F9-80FD-6709C4BABE3E}.Template|Win32.Build.0 = Release|Win32
	EndGlobalSection
	GlobalSection(SolutionProperties) = preSolution
		HideSolutionNode = FALSE
	EndGlobalSection
EndGlobal
